
Microsoft Visual Studio Solution File, Format Version 12.00
# Visual Studio Version 17
VisualStudioVersion = 17.3.32922.545
MinimumVisualStudioVersion = 10.0.40219.1
Project("{9A19103F-16F7-4668-BE54-9A1E7A4F7556}") = "myteam.holiday.WebApi", "myteam.holiday.WebApi\myteam.holiday.WebApi.csproj", "{6989F738-9114-406E-BBD6-487A9C48928B}"
EndProject
Project("{9A19103F-16F7-4668-BE54-9A1E7A4F7556}") = "myteam.holiday.Domain", "myteam.holiday.Domain\myteam.holiday.Domain.csproj", "{4C8EEBA5-9521-42A0-9D19-176F6A76A17C}"
EndProject
Project("{9A19103F-16F7-4668-BE54-9A1E7A4F7556}") = "myteam.holiday.EntityFramework", "myteam.holiday.EntityFramework\myteam.holiday.EntityFramework.csproj", "{45E0288F-F077-499A-84DC-53D7A7C60BE2}"
EndProject
Global
	GlobalSection(SolutionConfigurationPlatforms) = preSolution
		Debug|Any CPU = Debug|Any CPU
		Release|Any CPU = Release|Any CPU
	EndGlobalSection
	GlobalSection(ProjectConfigurationPlatforms) = postSolution
		{6989F738-9114-406E-BBD6-487A9C48928B}.Debug|Any CPU.ActiveCfg = Debug|Any CPU
		{6989F738-9114-406E-BBD6-487A9C48928B}.Debug|Any CPU.Build.0 = Debug|Any CPU
		{6989F738-9114-406E-BBD6-487A9C48928B}.Release|Any CPU.ActiveCfg = Release|Any CPU
		{6989F738-9114-406E-BBD6-487A9C48928B}.Release|Any CPU.Build.0 = Release|Any CPU
		{4C8EEBA5-9521-42A0-9D19-176F6A76A17C}.Debug|Any CPU.ActiveCfg = Debug|Any CPU
		{4C8EEBA5-9521-42A0-9D19-176F6A76A17C}.Debug|Any CPU.Build.0 = Debug|Any CPU
		{4C8EEBA5-9521-42A0-9D19-176F6A76A17C}.Release|Any CPU.ActiveCfg = Release|Any CPU
		{4C8EEBA5-9521-42A0-9D19-176F6A76A17C}.Release|Any CPU.Build.0 = Release|Any CPU
		{45E0288F-F077-499A-84DC-53D7A7C60BE2}.Debug|Any CPU.ActiveCfg = Debug|Any CPU
		{45E0288F-F077-499A-84DC-53D7A7C60BE2}.Debug|Any CPU.Build.0 = Debug|Any CPU
		{45E0288F-F077-499A-84DC-53D7A7C60BE2}.Release|Any CPU.ActiveCfg = Release|Any CPU
		{45E0288F-F077-499A-84DC-53D7A7C60BE2}.Release|Any CPU.Build.0 = Release|Any CPU
	EndGlobalSection
	GlobalSection(SolutionProperties) = preSolution
		HideSolutionNode = FALSE
	EndGlobalSection
	GlobalSection(ExtensibilityGlobals) = postSolution
		SolutionGuid = {15BDC2A3-F3EA-4550-8FCD-D39D98BDE0FD}
	EndGlobalSection
EndGlobal
